// !$*UTF8*$!
{
	archiveVersion = 1;
	classes = {
	};
	objectVersion = 56;
	objects = {

/* Begin PBXBuildFile section */
		0B2D753120094A45CE45B6C2 /* Pods_Spendo1.framework in Frameworks */ = {isa = PBXBuildFile; fileRef = 365E6A4E27C0D37BF0043550 /* Pods_Spendo1.framework */; };
		DA025B462D22A4AA001D55EB /* LoginView.swift in Sources */ = {isa = PBXBuildFile; fileRef = DA025B452D22A4AA001D55EB /* LoginView.swift */; };
		DA025B4D2D24E649001D55EB /* AddAccountView.swift in Sources */ = {isa = PBXBuildFile; fileRef = DA025B4C2D24E649001D55EB /* AddAccountView.swift */; };
		DA3000CD2D229565003186C2 /* ContentView.swift in Sources */ = {isa = PBXBuildFile; fileRef = DA3000CC2D229565003186C2 /* ContentView.swift */; };
		DA38F43A2D227B4D00DE9BA5 /* TabItem.swift in Sources */ = {isa = PBXBuildFile; fileRef = DA38F4352D227B4D00DE9BA5 /* TabItem.swift */; };
		DA38F43B2D227B4D00DE9BA5 /* TabViewModel.swift in Sources */ = {isa = PBXBuildFile; fileRef = DA38F4362D227B4D00DE9BA5 /* TabViewModel.swift */; };
		DA38F4402D227CED00DE9BA5 /* AccountView.swift in Sources */ = {isa = PBXBuildFile; fileRef = DA38F43E2D227CED00DE9BA5 /* AccountView.swift */; };
		DA38F4412D227CED00DE9BA5 /* AccountViewModel.swift in Sources */ = {isa = PBXBuildFile; fileRef = DA38F43F2D227CED00DE9BA5 /* AccountViewModel.swift */; };
		DA38F44F2D227D7000DE9BA5 /* HomeView.swift in Sources */ = {isa = PBXBuildFile; fileRef = DA38F44D2D227D7000DE9BA5 /* HomeView.swift */; };
		DA38F4502D227D7000DE9BA5 /* HomeViewModel.swift in Sources */ = {isa = PBXBuildFile; fileRef = DA38F44E2D227D7000DE9BA5 /* HomeViewModel.swift */; };
		DA38F4592D227DA800DE9BA5 /* StatisticViewModel.swift in Sources */ = {isa = PBXBuildFile; fileRef = DA38F4582D227DA800DE9BA5 /* StatisticViewModel.swift */; };
		DA38F45A2D227DA800DE9BA5 /* StatisticView.swift in Sources */ = {isa = PBXBuildFile; fileRef = DA38F4572D227DA800DE9BA5 /* StatisticView.swift */; };
		DA38F4612D227E0400DE9BA5 /* FontScheme.swift in Sources */ = {isa = PBXBuildFile; fileRef = DA38F45E2D227E0300DE9BA5 /* FontScheme.swift */; };
		DA38F4622D227E0400DE9BA5 /* AppConstants.swift in Sources */ = {isa = PBXBuildFile; fileRef = DA38F45F2D227E0400DE9BA5 /* AppConstants.swift */; };
		DA38F4632D227E0400DE9BA5 /* ColorConstants.swift in Sources */ = {isa = PBXBuildFile; fileRef = DA38F4602D227E0400DE9BA5 /* ColorConstants.swift */; };
		DA38F4672D227E4400DE9BA5 /* AppDelegate.swift in Sources */ = {isa = PBXBuildFile; fileRef = DA38F4652D227E4400DE9BA5 /* AppDelegate.swift */; };
		DA38F4682D227E4400DE9BA5 /* SpendoApp.swift in Sources */ = {isa = PBXBuildFile; fileRef = DA38F4662D227E4400DE9BA5 /* SpendoApp.swift */; };
		DA38F46B2D227E7D00DE9BA5 /* APIManager.swift in Sources */ = {isa = PBXBuildFile; fileRef = DA38F46A2D227E7D00DE9BA5 /* APIManager.swift */; };
		DA38F4732D227E8C00DE9BA5 /* ChartExtension.swift in Sources */ = {isa = PBXBuildFile; fileRef = DA38F46C2D227E8C00DE9BA5 /* ChartExtension.swift */; };
		DA38F4742D227E8C00DE9BA5 /* RoundedCornersView.swift in Sources */ = {isa = PBXBuildFile; fileRef = DA38F46D2D227E8C00DE9BA5 /* RoundedCornersView.swift */; };
		DA38F4752D227E8C00DE9BA5 /* UINavigationController.swift in Sources */ = {isa = PBXBuildFile; fileRef = DA38F46E2D227E8C00DE9BA5 /* UINavigationController.swift */; };
		DA38F4762D227E8C00DE9BA5 /* ViewExtension.swift in Sources */ = {isa = PBXBuildFile; fileRef = DA38F46F2D227E8C00DE9BA5 /* ViewExtension.swift */; };
		DA38F4772D227E8C00DE9BA5 /* ColorExtension.swift in Sources */ = {isa = PBXBuildFile; fileRef = DA38F4702D227E8C00DE9BA5 /* ColorExtension.swift */; };
		DA38F4782D227E8C00DE9BA5 /* APIExtensions.swift in Sources */ = {isa = PBXBuildFile; fileRef = DA38F4712D227E8C00DE9BA5 /* APIExtensions.swift */; };
		DA38F4792D227E8C00DE9BA5 /* EncodableExtension.swift in Sources */ = {isa = PBXBuildFile; fileRef = DA38F4722D227E8C00DE9BA5 /* EncodableExtension.swift */; };
		DA38F47C2D227EAF00DE9BA5 /* CardView.swift in Sources */ = {isa = PBXBuildFile; fileRef = DA38F47B2D227EAF00DE9BA5 /* CardView.swift */; };
		DA38F47E2D227FAB00DE9BA5 /* AddIncomeView.swift in Sources */ = {isa = PBXBuildFile; fileRef = DA38F4442D227D2A00DE9BA5 /* AddIncomeView.swift */; };
		DA38F47F2D227FAB00DE9BA5 /* AddIncomeViewModel.swift in Sources */ = {isa = PBXBuildFile; fileRef = DA38F4452D227D2A00DE9BA5 /* AddIncomeViewModel.swift */; };
		DA5E6C9E2D227302008B774B /* Spendo1Tests.swift in Sources */ = {isa = PBXBuildFile; fileRef = DA5E6C9D2D227302008B774B /* Spendo1Tests.swift */; };
		DA5E6CA82D227302008B774B /* Spendo1UITests.swift in Sources */ = {isa = PBXBuildFile; fileRef = DA5E6CA72D227302008B774B /* Spendo1UITests.swift */; };
		DA5E6CAA2D227302008B774B /* Spendo1UITestsLaunchTests.swift in Sources */ = {isa = PBXBuildFile; fileRef = DA5E6CA92D227302008B774B /* Spendo1UITestsLaunchTests.swift */; };
		DA9170B32D2560EF00A92DA3 /* AccountDetailView.swift in Sources */ = {isa = PBXBuildFile; fileRef = DA9170B22D2560EF00A92DA3 /* AccountDetailView.swift */; };
		DA9170B72D256BE100A92DA3 /* AddAccountViewModel.swift in Sources */ = {isa = PBXBuildFile; fileRef = DA9170B62D256BE100A92DA3 /* AddAccountViewModel.swift */; };
		DA9170BB2D25A9C600A92DA3 /* AccountSelected.swift in Sources */ = {isa = PBXBuildFile; fileRef = DA9170BA2D25A9C600A92DA3 /* AccountSelected.swift */; };
		DA9170BE2D25C9D700A92DA3 /* TransferViewModel.swift in Sources */ = {isa = PBXBuildFile; fileRef = DA9170BD2D25C9D700A92DA3 /* TransferViewModel.swift */; };
		DA9170C02D25C9E300A92DA3 /* TransferView.swift in Sources */ = {isa = PBXBuildFile; fileRef = DA9170BF2D25C9E300A92DA3 /* TransferView.swift */; };
		DA9170C32D263E8200A92DA3 /* AddOutcomeView.swift in Sources */ = {isa = PBXBuildFile; fileRef = DA9170C22D263E8200A92DA3 /* AddOutcomeView.swift */; };
		DA9170C52D263E9500A92DA3 /* AddOutcomeViewModel.swift in Sources */ = {isa = PBXBuildFile; fileRef = DA9170C42D263E9500A92DA3 /* AddOutcomeViewModel.swift */; };
		DA9170C82D2684B300A92DA3 /* BudgetViewModel.swift in Sources */ = {isa = PBXBuildFile; fileRef = DA9170C72D2684B300A92DA3 /* BudgetViewModel.swift */; };
		DA9170CA2D2684BE00A92DA3 /* BudgetView.swift in Sources */ = {isa = PBXBuildFile; fileRef = DA9170C92D2684BE00A92DA3 /* BudgetView.swift */; };
		DA9170CC2D26887B00A92DA3 /* TransHisView.swift in Sources */ = {isa = PBXBuildFile; fileRef = DA9170CB2D26887B00A92DA3 /* TransHisView.swift */; };
		DA9170CE2D26A5C600A92DA3 /* TransactionDetailView.swift in Sources */ = {isa = PBXBuildFile; fileRef = DA9170CD2D26A5C600A92DA3 /* TransactionDetailView.swift */; };
		DA9170CF2D27AC8C00A92DA3 /* Assets.xcassets in Resources */ = {isa = PBXBuildFile; fileRef = DA5E6C902D227302008B774B /* Assets.xcassets */; };
/* End PBXBuildFile section */

/* Begin PBXContainerItemProxy section */
		DA5E6C9A2D227302008B774B /* PBXContainerItemProxy */ = {
			isa = PBXContainerItemProxy;
			containerPortal = DA5E6C812D227301008B774B /* Project object */;
			proxyType = 1;
			remoteGlobalIDString = DA5E6C882D227301008B774B;
			remoteInfo = Spendo1;
		};
		DA5E6CA42D227302008B774B /* PBXContainerItemProxy */ = {
			isa = PBXContainerItemProxy;
			containerPortal = DA5E6C812D227301008B774B /* Project object */;
			proxyType = 1;
			remoteGlobalIDString = DA5E6C882D227301008B774B;
			remoteInfo = Spendo1;
		};
/* End PBXContainerItemProxy section */

/* Begin PBXFileReference section */
		365E6A4E27C0D37BF0043550 /* Pods_Spendo1.framework */ = {isa = PBXFileReference; explicitFileType = wrapper.framework; includeInIndex = 0; path = Pods_Spendo1.framework; sourceTree = BUILT_PRODUCTS_DIR; };
		6A0F748CCD409B16E0308430 /* Pods-Spendo1.debug.xcconfig */ = {isa = PBXFileReference; includeInIndex = 1; lastKnownFileType = text.xcconfig; name = "Pods-Spendo1.debug.xcconfig"; path = "Target Support Files/Pods-Spendo1/Pods-Spendo1.debug.xcconfig"; sourceTree = "<group>"; };
		C95BB5BF66385EF1D405EABC /* Pods-Spendo1.release.xcconfig */ = {isa = PBXFileReference; includeInIndex = 1; lastKnownFileType = text.xcconfig; name = "Pods-Spendo1.release.xcconfig"; path = "Target Support Files/Pods-Spendo1/Pods-Spendo1.release.xcconfig"; sourceTree = "<group>"; };
		DA025B422D22A2A5001D55EB /* Info.plist */ = {isa = PBXFileReference; lastKnownFileType = text.plist.xml; path = Info.plist; sourceTree = "<group>"; };
		DA025B452D22A4AA001D55EB /* LoginView.swift */ = {isa = PBXFileReference; lastKnownFileType = sourcecode.swift; path = LoginView.swift; sourceTree = "<group>"; };
		DA025B4C2D24E649001D55EB /* AddAccountView.swift */ = {isa = PBXFileReference; lastKnownFileType = sourcecode.swift; path = AddAccountView.swift; sourceTree = "<group>"; };
		DA3000CC2D229565003186C2 /* ContentView.swift */ = {isa = PBXFileReference; lastKnownFileType = sourcecode.swift; path = ContentView.swift; sourceTree = "<group>"; };
		DA38F4352D227B4D00DE9BA5 /* TabItem.swift */ = {isa = PBXFileReference; fileEncoding = 4; lastKnownFileType = sourcecode.swift; path = TabItem.swift; sourceTree = "<group>"; };
		DA38F4362D227B4D00DE9BA5 /* TabViewModel.swift */ = {isa = PBXFileReference; fileEncoding = 4; lastKnownFileType = sourcecode.swift; path = TabViewModel.swift; sourceTree = "<group>"; };
		DA38F43E2D227CED00DE9BA5 /* AccountView.swift */ = {isa = PBXFileReference; fileEncoding = 4; lastKnownFileType = sourcecode.swift; path = AccountView.swift; sourceTree = "<group>"; };
		DA38F43F2D227CED00DE9BA5 /* AccountViewModel.swift */ = {isa = PBXFileReference; fileEncoding = 4; lastKnownFileType = sourcecode.swift; path = AccountViewModel.swift; sourceTree = "<group>"; };
		DA38F4442D227D2A00DE9BA5 /* AddIncomeView.swift */ = {isa = PBXFileReference; lastKnownFileType = sourcecode.swift; path = AddIncomeView.swift; sourceTree = "<group>"; };
		DA38F4452D227D2A00DE9BA5 /* AddIncomeViewModel.swift */ = {isa = PBXFileReference; lastKnownFileType = sourcecode.swift; path = AddIncomeViewModel.swift; sourceTree = "<group>"; };
		DA38F44D2D227D7000DE9BA5 /* HomeView.swift */ = {isa = PBXFileReference; fileEncoding = 4; lastKnownFileType = sourcecode.swift; path = HomeView.swift; sourceTree = "<group>"; };
		DA38F44E2D227D7000DE9BA5 /* HomeViewModel.swift */ = {isa = PBXFileReference; fileEncoding = 4; lastKnownFileType = sourcecode.swift; path = HomeViewModel.swift; sourceTree = "<group>"; };
		DA38F4572D227DA800DE9BA5 /* StatisticView.swift */ = {isa = PBXFileReference; lastKnownFileType = sourcecode.swift; path = StatisticView.swift; sourceTree = "<group>"; };
		DA38F4582D227DA800DE9BA5 /* StatisticViewModel.swift */ = {isa = PBXFileReference; lastKnownFileType = sourcecode.swift; path = StatisticViewModel.swift; sourceTree = "<group>"; };
		DA38F45E2D227E0300DE9BA5 /* FontScheme.swift */ = {isa = PBXFileReference; fileEncoding = 4; lastKnownFileType = sourcecode.swift; path = FontScheme.swift; sourceTree = "<group>"; };
		DA38F45F2D227E0400DE9BA5 /* AppConstants.swift */ = {isa = PBXFileReference; fileEncoding = 4; lastKnownFileType = sourcecode.swift; path = AppConstants.swift; sourceTree = "<group>"; };
		DA38F4602D227E0400DE9BA5 /* ColorConstants.swift */ = {isa = PBXFileReference; fileEncoding = 4; lastKnownFileType = sourcecode.swift; path = ColorConstants.swift; sourceTree = "<group>"; };
		DA38F4652D227E4400DE9BA5 /* AppDelegate.swift */ = {isa = PBXFileReference; fileEncoding = 4; lastKnownFileType = sourcecode.swift; path = AppDelegate.swift; sourceTree = "<group>"; };
		DA38F4662D227E4400DE9BA5 /* SpendoApp.swift */ = {isa = PBXFileReference; fileEncoding = 4; lastKnownFileType = sourcecode.swift; path = SpendoApp.swift; sourceTree = "<group>"; };
		DA38F46A2D227E7D00DE9BA5 /* APIManager.swift */ = {isa = PBXFileReference; fileEncoding = 4; lastKnownFileType = sourcecode.swift; path = APIManager.swift; sourceTree = "<group>"; };
		DA38F46C2D227E8C00DE9BA5 /* ChartExtension.swift */ = {isa = PBXFileReference; fileEncoding = 4; lastKnownFileType = sourcecode.swift; path = ChartExtension.swift; sourceTree = "<group>"; };
		DA38F46D2D227E8C00DE9BA5 /* RoundedCornersView.swift */ = {isa = PBXFileReference; fileEncoding = 4; lastKnownFileType = sourcecode.swift; path = RoundedCornersView.swift; sourceTree = "<group>"; };
		DA38F46E2D227E8C00DE9BA5 /* UINavigationController.swift */ = {isa = PBXFileReference; fileEncoding = 4; lastKnownFileType = sourcecode.swift; path = UINavigationController.swift; sourceTree = "<group>"; };
		DA38F46F2D227E8C00DE9BA5 /* ViewExtension.swift */ = {isa = PBXFileReference; fileEncoding = 4; lastKnownFileType = sourcecode.swift; path = ViewExtension.swift; sourceTree = "<group>"; };
		DA38F4702D227E8C00DE9BA5 /* ColorExtension.swift */ = {isa = PBXFileReference; fileEncoding = 4; lastKnownFileType = sourcecode.swift; path = ColorExtension.swift; sourceTree = "<group>"; };
		DA38F4712D227E8C00DE9BA5 /* APIExtensions.swift */ = {isa = PBXFileReference; fileEncoding = 4; lastKnownFileType = sourcecode.swift; path = APIExtensions.swift; sourceTree = "<group>"; };
		DA38F4722D227E8C00DE9BA5 /* EncodableExtension.swift */ = {isa = PBXFileReference; fileEncoding = 4; lastKnownFileType = sourcecode.swift; path = EncodableExtension.swift; sourceTree = "<group>"; };
		DA38F47B2D227EAF00DE9BA5 /* CardView.swift */ = {isa = PBXFileReference; lastKnownFileType = sourcecode.swift; path = CardView.swift; sourceTree = "<group>"; };
		DA5E6C892D227301008B774B /* Spendo1.app */ = {isa = PBXFileReference; explicitFileType = wrapper.application; includeInIndex = 0; path = Spendo1.app; sourceTree = BUILT_PRODUCTS_DIR; };
		DA5E6C902D227302008B774B /* Assets.xcassets */ = {isa = PBXFileReference; lastKnownFileType = folder.assetcatalog; path = Assets.xcassets; sourceTree = "<group>"; };
		DA5E6C932D227302008B774B /* Preview Assets.xcassets */ = {isa = PBXFileReference; lastKnownFileType = folder.assetcatalog; path = "Preview Assets.xcassets"; sourceTree = "<group>"; };
		DA5E6C992D227302008B774B /* Spendo1Tests.xctest */ = {isa = PBXFileReference; explicitFileType = wrapper.cfbundle; includeInIndex = 0; path = Spendo1Tests.xctest; sourceTree = BUILT_PRODUCTS_DIR; };
		DA5E6C9D2D227302008B774B /* Spendo1Tests.swift */ = {isa = PBXFileReference; lastKnownFileType = sourcecode.swift; path = Spendo1Tests.swift; sourceTree = "<group>"; };
		DA5E6CA32D227302008B774B /* Spendo1UITests.xctest */ = {isa = PBXFileReference; explicitFileType = wrapper.cfbundle; includeInIndex = 0; path = Spendo1UITests.xctest; sourceTree = BUILT_PRODUCTS_DIR; };
		DA5E6CA72D227302008B774B /* Spendo1UITests.swift */ = {isa = PBXFileReference; lastKnownFileType = sourcecode.swift; path = Spendo1UITests.swift; sourceTree = "<group>"; };
		DA5E6CA92D227302008B774B /* Spendo1UITestsLaunchTests.swift */ = {isa = PBXFileReference; lastKnownFileType = sourcecode.swift; path = Spendo1UITestsLaunchTests.swift; sourceTree = "<group>"; };
		DA9170B22D2560EF00A92DA3 /* AccountDetailView.swift */ = {isa = PBXFileReference; lastKnownFileType = sourcecode.swift; path = AccountDetailView.swift; sourceTree = "<group>"; };
		DA9170B62D256BE100A92DA3 /* AddAccountViewModel.swift */ = {isa = PBXFileReference; lastKnownFileType = sourcecode.swift; path = AddAccountViewModel.swift; sourceTree = "<group>"; };
		DA9170BA2D25A9C600A92DA3 /* AccountSelected.swift */ = {isa = PBXFileReference; lastKnownFileType = sourcecode.swift; path = AccountSelected.swift; sourceTree = "<group>"; };
		DA9170BD2D25C9D700A92DA3 /* TransferViewModel.swift */ = {isa = PBXFileReference; lastKnownFileType = sourcecode.swift; path = TransferViewModel.swift; sourceTree = "<group>"; };
		DA9170BF2D25C9E300A92DA3 /* TransferView.swift */ = {isa = PBXFileReference; lastKnownFileType = sourcecode.swift; path = TransferView.swift; sourceTree = "<group>"; };
		DA9170C22D263E8200A92DA3 /* AddOutcomeView.swift */ = {isa = PBXFileReference; lastKnownFileType = sourcecode.swift; path = AddOutcomeView.swift; sourceTree = "<group>"; };
		DA9170C42D263E9500A92DA3 /* AddOutcomeViewModel.swift */ = {isa = PBXFileReference; lastKnownFileType = sourcecode.swift; path = AddOutcomeViewModel.swift; sourceTree = "<group>"; };
		DA9170C72D2684B300A92DA3 /* BudgetViewModel.swift */ = {isa = PBXFileReference; lastKnownFileType = sourcecode.swift; path = BudgetViewModel.swift; sourceTree = "<group>"; };
		DA9170C92D2684BE00A92DA3 /* BudgetView.swift */ = {isa = PBXFileReference; lastKnownFileType = sourcecode.swift; path = BudgetView.swift; sourceTree = "<group>"; };
		DA9170CB2D26887B00A92DA3 /* TransHisView.swift */ = {isa = PBXFileReference; lastKnownFileType = sourcecode.swift; path = TransHisView.swift; sourceTree = "<group>"; };
		DA9170CD2D26A5C600A92DA3 /* TransactionDetailView.swift */ = {isa = PBXFileReference; lastKnownFileType = sourcecode.swift; path = TransactionDetailView.swift; sourceTree = "<group>"; };
/* End PBXFileReference section */

/* Begin PBXFrameworksBuildPhase section */
		DA5E6C862D227301008B774B /* Frameworks */ = {
			isa = PBXFrameworksBuildPhase;
			buildActionMask = 2147483647;
			files = (
				0B2D753120094A45CE45B6C2 /* Pods_Spendo1.framework in Frameworks */,
			);
			runOnlyForDeploymentPostprocessing = 0;
		};
		DA5E6C962D227302008B774B /* Frameworks */ = {
			isa = PBXFrameworksBuildPhase;
			buildActionMask = 2147483647;
			files = (
			);
			runOnlyForDeploymentPostprocessing = 0;
		};
		DA5E6CA02D227302008B774B /* Frameworks */ = {
			isa = PBXFrameworksBuildPhase;
			buildActionMask = 2147483647;
			files = (
			);
			runOnlyForDeploymentPostprocessing = 0;
		};
/* End PBXFrameworksBuildPhase section */

/* Begin PBXGroup section */
		7C65635B9AB37B9D57617C8E /* Frameworks */ = {
			isa = PBXGroup;
			children = (
				365E6A4E27C0D37BF0043550 /* Pods_Spendo1.framework */,
			);
			name = Frameworks;
			sourceTree = "<group>";
		};
		84938C40EA19C62B05474C77 /* Pods */ = {
			isa = PBXGroup;
			children = (
				6A0F748CCD409B16E0308430 /* Pods-Spendo1.debug.xcconfig */,
				C95BB5BF66385EF1D405EABC /* Pods-Spendo1.release.xcconfig */,
			);
			path = Pods;
			sourceTree = "<group>";
		};
		DA025B442D22A489001D55EB /* LoginView */ = {
			isa = PBXGroup;
			children = (
				DA025B452D22A4AA001D55EB /* LoginView.swift */,
			);
			path = LoginView;
			sourceTree = "<group>";
		};
		DA38F4432D227D1C00DE9BA5 /* AccountView */ = {
			isa = PBXGroup;
			children = (
				DA38F43E2D227CED00DE9BA5 /* AccountView.swift */,
				DA9170B22D2560EF00A92DA3 /* AccountDetailView.swift */,
				DA38F43F2D227CED00DE9BA5 /* AccountViewModel.swift */,
			);
			path = AccountView;
			sourceTree = "<group>";
		};
		DA38F4462D227D2A00DE9BA5 /* AddIncomeView */ = {
			isa = PBXGroup;
			children = (
				DA38F4442D227D2A00DE9BA5 /* AddIncomeView.swift */,
				DA38F4452D227D2A00DE9BA5 /* AddIncomeViewModel.swift */,
			);
			path = AddIncomeView;
			sourceTree = "<group>";
		};
		DA38F4512D227D7400DE9BA5 /* HomeView */ = {
			isa = PBXGroup;
			children = (
				DA38F44D2D227D7000DE9BA5 /* HomeView.swift */,
				DA38F44E2D227D7000DE9BA5 /* HomeViewModel.swift */,
			);
			path = HomeView;
			sourceTree = "<group>";
		};
		DA38F45B2D227DB400DE9BA5 /* StatisticView */ = {
			isa = PBXGroup;
			children = (
				DA38F4572D227DA800DE9BA5 /* StatisticView.swift */,
				DA38F4582D227DA800DE9BA5 /* StatisticViewModel.swift */,
			);
			path = StatisticView;
			sourceTree = "<group>";
		};
		DA38F45C2D227DCF00DE9BA5 /* View */ = {
			isa = PBXGroup;
			children = (
				DA9170C62D2684A200A92DA3 /* BudgetView */,
				DA9170C12D263E6D00A92DA3 /* AddOutcomeView */,
				DA9170BC2D25C9BA00A92DA3 /* TransferView */,
				DA025B442D22A489001D55EB /* LoginView */,
				DA38F45B2D227DB400DE9BA5 /* StatisticView */,
				DA38F4512D227D7400DE9BA5 /* HomeView */,
				DA38F4462D227D2A00DE9BA5 /* AddIncomeView */,
				DA38F4432D227D1C00DE9BA5 /* AccountView */,
				DA9170B82D256BED00A92DA3 /* AddAccountView */,
				DA9170CB2D26887B00A92DA3 /* TransHisView.swift */,
				DA9170CD2D26A5C600A92DA3 /* TransactionDetailView.swift */,
			);
			path = View;
			sourceTree = "<group>";
		};
		DA38F4642D227E0800DE9BA5 /* New Group */ = {
			isa = PBXGroup;
			children = (
				DA38F45F2D227E0400DE9BA5 /* AppConstants.swift */,
				DA38F4602D227E0400DE9BA5 /* ColorConstants.swift */,
				DA38F45E2D227E0300DE9BA5 /* FontScheme.swift */,
			);
			path = "New Group";
			sourceTree = "<group>";
		};
		DA38F4692D227E4D00DE9BA5 /* Application */ = {
			isa = PBXGroup;
			children = (
				DA38F4652D227E4400DE9BA5 /* AppDelegate.swift */,
				DA38F4662D227E4400DE9BA5 /* SpendoApp.swift */,
			);
			path = Application;
			sourceTree = "<group>";
		};
		DA38F47A2D227E9100DE9BA5 /* Extensions */ = {
			isa = PBXGroup;
			children = (
				DA38F4712D227E8C00DE9BA5 /* APIExtensions.swift */,
				DA38F46C2D227E8C00DE9BA5 /* ChartExtension.swift */,
				DA38F4702D227E8C00DE9BA5 /* ColorExtension.swift */,
				DA38F4722D227E8C00DE9BA5 /* EncodableExtension.swift */,
				DA38F46D2D227E8C00DE9BA5 /* RoundedCornersView.swift */,
				DA38F46E2D227E8C00DE9BA5 /* UINavigationController.swift */,
				DA38F46F2D227E8C00DE9BA5 /* ViewExtension.swift */,
			);
			path = Extensions;
			sourceTree = "<group>";
		};
		DA38F47D2D227EB800DE9BA5 /* CustomView */ = {
			isa = PBXGroup;
			children = (
				DA38F47B2D227EAF00DE9BA5 /* CardView.swift */,
			);
			path = CustomView;
			sourceTree = "<group>";
		};
		DA5E6C802D227301008B774B = {
			isa = PBXGroup;
			children = (
				DA5E6C8B2D227301008B774B /* Spendo1 */,
				DA5E6C9C2D227302008B774B /* Spendo1Tests */,
				DA5E6CA62D227302008B774B /* Spendo1UITests */,
				DA5E6C8A2D227301008B774B /* Products */,
				84938C40EA19C62B05474C77 /* Pods */,
				7C65635B9AB37B9D57617C8E /* Frameworks */,
			);
			sourceTree = "<group>";
		};
		DA5E6C8A2D227301008B774B /* Products */ = {
			isa = PBXGroup;
			children = (
				DA5E6C892D227301008B774B /* Spendo1.app */,
				DA5E6C992D227302008B774B /* Spendo1Tests.xctest */,
				DA5E6CA32D227302008B774B /* Spendo1UITests.xctest */,
			);
			name = Products;
			sourceTree = "<group>";
		};
		DA5E6C8B2D227301008B774B /* Spendo1 */ = {
			isa = PBXGroup;
			children = (
				DA38F47D2D227EB800DE9BA5 /* CustomView */,
				DA38F46A2D227E7D00DE9BA5 /* APIManager.swift */,
				DA38F47A2D227E9100DE9BA5 /* Extensions */,
				DA38F4692D227E4D00DE9BA5 /* Application */,
				DA38F4642D227E0800DE9BA5 /* New Group */,
				DA38F4352D227B4D00DE9BA5 /* TabItem.swift */,
				DA38F4362D227B4D00DE9BA5 /* TabViewModel.swift */,
				DA38F45C2D227DCF00DE9BA5 /* View */,
				DA5E6C902D227302008B774B /* Assets.xcassets */,
				DA5E6C922D227302008B774B /* Preview Content */,
				DA3000CC2D229565003186C2 /* ContentView.swift */,
				DA025B422D22A2A5001D55EB /* Info.plist */,
				DA9170BA2D25A9C600A92DA3 /* AccountSelected.swift */,
			);
			path = Spendo1;
			sourceTree = "<group>";
		};
		DA5E6C922D227302008B774B /* Preview Content */ = {
			isa = PBXGroup;
			children = (
				DA5E6C932D227302008B774B /* Preview Assets.xcassets */,
			);
			path = "Preview Content";
			sourceTree = "<group>";
		};
		DA5E6C9C2D227302008B774B /* Spendo1Tests */ = {
			isa = PBXGroup;
			children = (
				DA5E6C9D2D227302008B774B /* Spendo1Tests.swift */,
			);
			path = Spendo1Tests;
			sourceTree = "<group>";
		};
		DA5E6CA62D227302008B774B /* Spendo1UITests */ = {
			isa = PBXGroup;
			children = (
				DA5E6CA72D227302008B774B /* Spendo1UITests.swift */,
				DA5E6CA92D227302008B774B /* Spendo1UITestsLaunchTests.swift */,
			);
			path = Spendo1UITests;
			sourceTree = "<group>";
		};
		DA9170B82D256BED00A92DA3 /* AddAccountView */ = {
			isa = PBXGroup;
			children = (
				DA025B4C2D24E649001D55EB /* AddAccountView.swift */,
				DA9170B62D256BE100A92DA3 /* AddAccountViewModel.swift */,
			);
			path = AddAccountView;
			sourceTree = "<group>";
		};
		DA9170BC2D25C9BA00A92DA3 /* TransferView */ = {
			isa = PBXGroup;
			children = (
				DA9170BD2D25C9D700A92DA3 /* TransferViewModel.swift */,
				DA9170BF2D25C9E300A92DA3 /* TransferView.swift */,
			);
			path = TransferView;
			sourceTree = "<group>";
		};
		DA9170C12D263E6D00A92DA3 /* AddOutcomeView */ = {
			isa = PBXGroup;
			children = (
				DA9170C22D263E8200A92DA3 /* AddOutcomeView.swift */,
				DA9170C42D263E9500A92DA3 /* AddOutcomeViewModel.swift */,
			);
			path = AddOutcomeView;
			sourceTree = "<group>";
		};
		DA9170C62D2684A200A92DA3 /* BudgetView */ = {
			isa = PBXGroup;
			children = (
				DA9170C72D2684B300A92DA3 /* BudgetViewModel.swift */,
				DA9170C92D2684BE00A92DA3 /* BudgetView.swift */,
			);
			path = BudgetView;
			sourceTree = "<group>";
		};
/* End PBXGroup section */

/* Begin PBXNativeTarget section */
		DA5E6C882D227301008B774B /* Spendo1 */ = {
			isa = PBXNativeTarget;
			buildConfigurationList = DA5E6CAD2D227302008B774B /* Build configuration list for PBXNativeTarget "Spendo1" */;
			buildPhases = (
				637DBB13C45D315C1C21F753 /* [CP] Check Pods Manifest.lock */,
				DA5E6C852D227301008B774B /* Sources */,
				DA5E6C862D227301008B774B /* Frameworks */,
				13F995EBDD8991149C9BA5AA /* [CP] Embed Pods Frameworks */,
				DA38F4802D22802000DE9BA5 /* Resources */,
			);
			buildRules = (
			);
			dependencies = (
			);
			name = Spendo1;
			productName = Spendo1;
			productReference = DA5E6C892D227301008B774B /* Spendo1.app */;
			productType = "com.apple.product-type.application";
		};
		DA5E6C982D227302008B774B /* Spendo1Tests */ = {
			isa = PBXNativeTarget;
			buildConfigurationList = DA5E6CB02D227302008B774B /* Build configuration list for PBXNativeTarget "Spendo1Tests" */;
			buildPhases = (
				DA5E6C952D227302008B774B /* Sources */,
				DA5E6C962D227302008B774B /* Frameworks */,
				DA5E6C972D227302008B774B /* Resources */,
			);
			buildRules = (
			);
			dependencies = (
				DA5E6C9B2D227302008B774B /* PBXTargetDependency */,
			);
			name = Spendo1Tests;
			productName = Spendo1Tests;
			productReference = DA5E6C992D227302008B774B /* Spendo1Tests.xctest */;
			productType = "com.apple.product-type.bundle.unit-test";
		};
		DA5E6CA22D227302008B774B /* Spendo1UITests */ = {
			isa = PBXNativeTarget;
			buildConfigurationList = DA5E6CB32D227302008B774B /* Build configuration list for PBXNativeTarget "Spendo1UITests" */;
			buildPhases = (
				DA5E6C9F2D227302008B774B /* Sources */,
				DA5E6CA02D227302008B774B /* Frameworks */,
				DA5E6CA12D227302008B774B /* Resources */,
			);
			buildRules = (
			);
			dependencies = (
				DA5E6CA52D227302008B774B /* PBXTargetDependency */,
			);
			name = Spendo1UITests;
			productName = Spendo1UITests;
			productReference = DA5E6CA32D227302008B774B /* Spendo1UITests.xctest */;
			productType = "com.apple.product-type.bundle.ui-testing";
		};
/* End PBXNativeTarget section */

/* Begin PBXProject section */
		DA5E6C812D227301008B774B /* Project object */ = {
			isa = PBXProject;
			attributes = {
				BuildIndependentTargetsInParallel = 1;
				LastSwiftUpdateCheck = 1540;
				LastUpgradeCheck = 1540;
				TargetAttributes = {
					DA5E6C882D227301008B774B = {
						CreatedOnToolsVersion = 15.4;
					};
					DA5E6C982D227302008B774B = {
						CreatedOnToolsVersion = 15.4;
						TestTargetID = DA5E6C882D227301008B774B;
					};
					DA5E6CA22D227302008B774B = {
						CreatedOnToolsVersion = 15.4;
						TestTargetID = DA5E6C882D227301008B774B;
					};
				};
			};
			buildConfigurationList = DA5E6C842D227301008B774B /* Build configuration list for PBXProject "Spendo1" */;
			compatibilityVersion = "Xcode 14.0";
			developmentRegion = en;
			hasScannedForEncodings = 0;
			knownRegions = (
				en,
				Base,
			);
			mainGroup = DA5E6C802D227301008B774B;
			productRefGroup = DA5E6C8A2D227301008B774B /* Products */;
			projectDirPath = "";
			projectRoot = "";
			targets = (
				DA5E6C882D227301008B774B /* Spendo1 */,
				DA5E6C982D227302008B774B /* Spendo1Tests */,
				DA5E6CA22D227302008B774B /* Spendo1UITests */,
			);
		};
/* End PBXProject section */

/* Begin PBXResourcesBuildPhase section */
		DA38F4802D22802000DE9BA5 /* Resources */ = {
			isa = PBXResourcesBuildPhase;
			buildActionMask = 2147483647;
			files = (
				DA9170CF2D27AC8C00A92DA3 /* Assets.xcassets in Resources */,
			);
			runOnlyForDeploymentPostprocessing = 0;
		};
		DA5E6C972D227302008B774B /* Resources */ = {
			isa = PBXResourcesBuildPhase;
			buildActionMask = 2147483647;
			files = (
			);
			runOnlyForDeploymentPostprocessing = 0;
		};
		DA5E6CA12D227302008B774B /* Resources */ = {
			isa = PBXResourcesBuildPhase;
			buildActionMask = 2147483647;
			files = (
			);
			runOnlyForDeploymentPostprocessing = 0;
		};
/* End PBXResourcesBuildPhase section */

/* Begin PBXShellScriptBuildPhase section */
		13F995EBDD8991149C9BA5AA /* [CP] Embed Pods Frameworks */ = {
			isa = PBXShellScriptBuildPhase;
			buildActionMask = 2147483647;
			files = (
			);
			inputFileListPaths = (
				"${PODS_ROOT}/Target Support Files/Pods-Spendo1/Pods-Spendo1-frameworks-${CONFIGURATION}-input-files.xcfilelist",
			);
			name = "[CP] Embed Pods Frameworks";
			outputFileListPaths = (
				"${PODS_ROOT}/Target Support Files/Pods-Spendo1/Pods-Spendo1-frameworks-${CONFIGURATION}-output-files.xcfilelist",
			);
			runOnlyForDeploymentPostprocessing = 0;
			shellPath = /bin/sh;
			shellScript = "\"${PODS_ROOT}/Target Support Files/Pods-Spendo1/Pods-Spendo1-frameworks.sh\"\n";
			showEnvVarsInLog = 0;
		};
		637DBB13C45D315C1C21F753 /* [CP] Check Pods Manifest.lock */ = {
			isa = PBXShellScriptBuildPhase;
			buildActionMask = 2147483647;
			files = (
			);
			inputFileListPaths = (
			);
			inputPaths = (
				"${PODS_PODFILE_DIR_PATH}/Podfile.lock",
				"${PODS_ROOT}/Manifest.lock",
			);
			name = "[CP] Check Pods Manifest.lock";
			outputFileListPaths = (
			);
			outputPaths = (
				"$(DERIVED_FILE_DIR)/Pods-Spendo1-checkManifestLockResult.txt",
			);
			runOnlyForDeploymentPostprocessing = 0;
			shellPath = /bin/sh;
			shellScript = "diff \"${PODS_PODFILE_DIR_PATH}/Podfile.lock\" \"${PODS_ROOT}/Manifest.lock\" > /dev/null\nif [ $? != 0 ] ; then\n    # print error to STDERR\n    echo \"error: The sandbox is not in sync with the Podfile.lock. Run 'pod install' or update your CocoaPods installation.\" >&2\n    exit 1\nfi\n# This output is used by Xcode 'outputs' to avoid re-running this script phase.\necho \"SUCCESS\" > \"${SCRIPT_OUTPUT_FILE_0}\"\n";
			showEnvVarsInLog = 0;
		};
/* End PBXShellScriptBuildPhase section */

/* Begin PBXSourcesBuildPhase section */
		DA5E6C852D227301008B774B /* Sources */ = {
			isa = PBXSourcesBuildPhase;
			buildActionMask = 2147483647;
			files = (
				DA38F47E2D227FAB00DE9BA5 /* AddIncomeView.swift in Sources */,
				DA38F47F2D227FAB00DE9BA5 /* AddIncomeViewModel.swift in Sources */,
				DA025B4D2D24E649001D55EB /* AddAccountView.swift in Sources */,
				DA9170B32D2560EF00A92DA3 /* AccountDetailView.swift in Sources */,
				DA38F4782D227E8C00DE9BA5 /* APIExtensions.swift in Sources */,
				DA38F4402D227CED00DE9BA5 /* AccountView.swift in Sources */,
				DA9170BB2D25A9C600A92DA3 /* AccountSelected.swift in Sources */,
				DA38F4502D227D7000DE9BA5 /* HomeViewModel.swift in Sources */,
				DA38F4772D227E8C00DE9BA5 /* ColorExtension.swift in Sources */,
				DA9170C02D25C9E300A92DA3 /* TransferView.swift in Sources */,
				DA38F4742D227E8C00DE9BA5 /* RoundedCornersView.swift in Sources */,
				DA38F4622D227E0400DE9BA5 /* AppConstants.swift in Sources */,
				DA38F4592D227DA800DE9BA5 /* StatisticViewModel.swift in Sources */,
				DA38F4792D227E8C00DE9BA5 /* EncodableExtension.swift in Sources */,
				DA38F4762D227E8C00DE9BA5 /* ViewExtension.swift in Sources */,
				DA38F4752D227E8C00DE9BA5 /* UINavigationController.swift in Sources */,
				DA38F4682D227E4400DE9BA5 /* SpendoApp.swift in Sources */,
				DA9170CC2D26887B00A92DA3 /* TransHisView.swift in Sources */,
				DA3000CD2D229565003186C2 /* ContentView.swift in Sources */,
				DA38F4412D227CED00DE9BA5 /* AccountViewModel.swift in Sources */,
				DA9170BE2D25C9D700A92DA3 /* TransferViewModel.swift in Sources */,
				DA9170C82D2684B300A92DA3 /* BudgetViewModel.swift in Sources */,
				DA38F4732D227E8C00DE9BA5 /* ChartExtension.swift in Sources */,
				DA9170C32D263E8200A92DA3 /* AddOutcomeView.swift in Sources */,
				DA38F4612D227E0400DE9BA5 /* FontScheme.swift in Sources */,
				DA9170CE2D26A5C600A92DA3 /* TransactionDetailView.swift in Sources */,
				DA9170CA2D2684BE00A92DA3 /* BudgetView.swift in Sources */,
				DA38F4672D227E4400DE9BA5 /* AppDelegate.swift in Sources */,
				DA38F43A2D227B4D00DE9BA5 /* TabItem.swift in Sources */,
				DA9170B72D256BE100A92DA3 /* AddAccountViewModel.swift in Sources */,
				DA38F45A2D227DA800DE9BA5 /* StatisticView.swift in Sources */,
				DA38F46B2D227E7D00DE9BA5 /* APIManager.swift in Sources */,
				DA9170C52D263E9500A92DA3 /* AddOutcomeViewModel.swift in Sources */,
				DA025B462D22A4AA001D55EB /* LoginView.swift in Sources */,
				DA38F47C2D227EAF00DE9BA5 /* CardView.swift in Sources */,
				DA38F4632D227E0400DE9BA5 /* ColorConstants.swift in Sources */,
				DA38F44F2D227D7000DE9BA5 /* HomeView.swift in Sources */,
				DA38F43B2D227B4D00DE9BA5 /* TabViewModel.swift in Sources */,
			);
			runOnlyForDeploymentPostprocessing = 0;
		};
		DA5E6C952D227302008B774B /* Sources */ = {
			isa = PBXSourcesBuildPhase;
			buildActionMask = 2147483647;
			files = (
				DA5E6C9E2D227302008B774B /* Spendo1Tests.swift in Sources */,
			);
			runOnlyForDeploymentPostprocessing = 0;
		};
		DA5E6C9F2D227302008B774B /* Sources */ = {
			isa = PBXSourcesBuildPhase;
			buildActionMask = 2147483647;
			files = (
				DA5E6CA82D227302008B774B /* Spendo1UITests.swift in Sources */,
				DA5E6CAA2D227302008B774B /* Spendo1UITestsLaunchTests.swift in Sources */,
			);
			runOnlyForDeploymentPostprocessing = 0;
		};
/* End PBXSourcesBuildPhase section */

/* Begin PBXTargetDependency section */
		DA5E6C9B2D227302008B774B /* PBXTargetDependency */ = {
			isa = PBXTargetDependency;
			target = DA5E6C882D227301008B774B /* Spendo1 */;
			targetProxy = DA5E6C9A2D227302008B774B /* PBXContainerItemProxy */;
		};
		DA5E6CA52D227302008B774B /* PBXTargetDependency */ = {
			isa = PBXTargetDependency;
			target = DA5E6C882D227301008B774B /* Spendo1 */;
			targetProxy = DA5E6CA42D227302008B774B /* PBXContainerItemProxy */;
		};
/* End PBXTargetDependency section */

/* Begin XCBuildConfiguration section */
		DA5E6CAB2D227302008B774B /* Debug */ = {
			isa = XCBuildConfiguration;
			buildSettings = {
				ALWAYS_SEARCH_USER_PATHS = NO;
				ASSETCATALOG_COMPILER_GENERATE_SWIFT_ASSET_SYMBOL_EXTENSIONS = YES;
				CLANG_ANALYZER_NONNULL = YES;
				CLANG_ANALYZER_NUMBER_OBJECT_CONVERSION = YES_AGGRESSIVE;
				CLANG_CXX_LANGUAGE_STANDARD = "gnu++20";
				CLANG_ENABLE_MODULES = YES;
				CLANG_ENABLE_OBJC_ARC = YES;
				CLANG_ENABLE_OBJC_WEAK = YES;
				CLANG_WARN_BLOCK_CAPTURE_AUTORELEASING = YES;
				CLANG_WARN_BOOL_CONVERSION = YES;
				CLANG_WARN_COMMA = YES;
				CLANG_WARN_CONSTANT_CONVERSION = YES;
				CLANG_WARN_DEPRECATED_OBJC_IMPLEMENTATIONS = YES;
				CLANG_WARN_DIRECT_OBJC_ISA_USAGE = YES_ERROR;
				CLANG_WARN_DOCUMENTATION_COMMENTS = YES;
				CLANG_WARN_EMPTY_BODY = YES;
				CLANG_WARN_ENUM_CONVERSION = YES;
				CLANG_WARN_INFINITE_RECURSION = YES;
				CLANG_WARN_INT_CONVERSION = YES;
				CLANG_WARN_NON_LITERAL_NULL_CONVERSION = YES;
				CLANG_WARN_OBJC_IMPLICIT_RETAIN_SELF = YES;
				CLANG_WARN_OBJC_LITERAL_CONVERSION = YES;
				CLANG_WARN_OBJC_ROOT_CLASS = YES_ERROR;
				CLANG_WARN_QUOTED_INCLUDE_IN_FRAMEWORK_HEADER = YES;
				CLANG_WARN_RANGE_LOOP_ANALYSIS = YES;
				CLANG_WARN_STRICT_PROTOTYPES = YES;
				CLANG_WARN_SUSPICIOUS_MOVE = YES;
				CLANG_WARN_UNGUARDED_AVAILABILITY = YES_AGGRESSIVE;
				CLANG_WARN_UNREACHABLE_CODE = YES;
				CLANG_WARN__DUPLICATE_METHOD_MATCH = YES;
				COPY_PHASE_STRIP = NO;
				DEBUG_INFORMATION_FORMAT = dwarf;
				ENABLE_STRICT_OBJC_MSGSEND = YES;
				ENABLE_TESTABILITY = YES;
				ENABLE_USER_SCRIPT_SANDBOXING = NO;
				GCC_C_LANGUAGE_STANDARD = gnu17;
				GCC_DYNAMIC_NO_PIC = NO;
				GCC_NO_COMMON_BLOCKS = YES;
				GCC_OPTIMIZATION_LEVEL = 0;
				GCC_PREPROCESSOR_DEFINITIONS = (
					"DEBUG=1",
					"$(inherited)",
				);
				GCC_WARN_64_TO_32_BIT_CONVERSION = YES;
				GCC_WARN_ABOUT_RETURN_TYPE = YES_ERROR;
				GCC_WARN_UNDECLARED_SELECTOR = YES;
				GCC_WARN_UNINITIALIZED_AUTOS = YES_AGGRESSIVE;
				GCC_WARN_UNUSED_FUNCTION = YES;
				GCC_WARN_UNUSED_VARIABLE = YES;
				GENERATE_INFOPLIST_FILE = NO;
				IPHONEOS_DEPLOYMENT_TARGET = 17.5;
				LOCALIZATION_PREFERS_STRING_CATALOGS = YES;
				MTL_ENABLE_DEBUG_INFO = INCLUDE_SOURCE;
				MTL_FAST_MATH = YES;
				ONLY_ACTIVE_ARCH = YES;
				SDKROOT = iphoneos;
				SWIFT_ACTIVE_COMPILATION_CONDITIONS = "DEBUG $(inherited)";
				SWIFT_OPTIMIZATION_LEVEL = "-Onone";
			};
			name = Debug;
		};
		DA5E6CAC2D227302008B774B /* Release */ = {
			isa = XCBuildConfiguration;
			buildSettings = {
				ALWAYS_SEARCH_USER_PATHS = NO;
				ASSETCATALOG_COMPILER_GENERATE_SWIFT_ASSET_SYMBOL_EXTENSIONS = YES;
				CLANG_ANALYZER_NONNULL = YES;
				CLANG_ANALYZER_NUMBER_OBJECT_CONVERSION = YES_AGGRESSIVE;
				CLANG_CXX_LANGUAGE_STANDARD = "gnu++20";
				CLANG_ENABLE_MODULES = YES;
				CLANG_ENABLE_OBJC_ARC = YES;
				CLANG_ENABLE_OBJC_WEAK = YES;
				CLANG_WARN_BLOCK_CAPTURE_AUTORELEASING = YES;
				CLANG_WARN_BOOL_CONVERSION = YES;
				CLANG_WARN_COMMA = YES;
				CLANG_WARN_CONSTANT_CONVERSION = YES;
				CLANG_WARN_DEPRECATED_OBJC_IMPLEMENTATIONS = YES;
				CLANG_WARN_DIRECT_OBJC_ISA_USAGE = YES_ERROR;
				CLANG_WARN_DOCUMENTATION_COMMENTS = YES;
				CLANG_WARN_EMPTY_BODY = YES;
				CLANG_WARN_ENUM_CONVERSION = YES;
				CLANG_WARN_INFINITE_RECURSION = YES;
				CLANG_WARN_INT_CONVERSION = YES;
				CLANG_WARN_NON_LITERAL_NULL_CONVERSION = YES;
				CLANG_WARN_OBJC_IMPLICIT_RETAIN_SELF = YES;
				CLANG_WARN_OBJC_LITERAL_CONVERSION = YES;
				CLANG_WARN_OBJC_ROOT_CLASS = YES_ERROR;
				CLANG_WARN_QUOTED_INCLUDE_IN_FRAMEWORK_HEADER = YES;
				CLANG_WARN_RANGE_LOOP_ANALYSIS = YES;
				CLANG_WARN_STRICT_PROTOTYPES = YES;
				CLANG_WARN_SUSPICIOUS_MOVE = YES;
				CLANG_WARN_UNGUARDED_AVAILABILITY = YES_AGGRESSIVE;
				CLANG_WARN_UNREACHABLE_CODE = YES;
				CLANG_WARN__DUPLICATE_METHOD_MATCH = YES;
				COPY_PHASE_STRIP = NO;
				DEBUG_INFORMATION_FORMAT = "dwarf-with-dsym";
				ENABLE_NS_ASSERTIONS = NO;
				ENABLE_STRICT_OBJC_MSGSEND = YES;
				ENABLE_USER_SCRIPT_SANDBOXING = NO;
				GCC_C_LANGUAGE_STANDARD = gnu17;
				GCC_NO_COMMON_BLOCKS = YES;
				GCC_WARN_64_TO_32_BIT_CONVERSION = YES;
				GCC_WARN_ABOUT_RETURN_TYPE = YES_ERROR;
				GCC_WARN_UNDECLARED_SELECTOR = YES;
				GCC_WARN_UNINITIALIZED_AUTOS = YES_AGGRESSIVE;
				GCC_WARN_UNUSED_FUNCTION = YES;
				GCC_WARN_UNUSED_VARIABLE = YES;
				GENERATE_INFOPLIST_FILE = NO;
				IPHONEOS_DEPLOYMENT_TARGET = 17.5;
				LOCALIZATION_PREFERS_STRING_CATALOGS = YES;
				MTL_ENABLE_DEBUG_INFO = NO;
				MTL_FAST_MATH = YES;
				SDKROOT = iphoneos;
				SWIFT_COMPILATION_MODE = wholemodule;
				VALIDATE_PRODUCT = YES;
			};
			name = Release;
		};
		DA5E6CAE2D227302008B774B /* Debug */ = {
			isa = XCBuildConfiguration;
			baseConfigurationReference = 6A0F748CCD409B16E0308430 /* Pods-Spendo1.debug.xcconfig */;
			buildSettings = {
				ASSETCATALOG_COMPILER_APPICON_NAME = AppIcon;
				ASSETCATALOG_COMPILER_GLOBAL_ACCENT_COLOR_NAME = AccentColor;
				CODE_SIGN_STYLE = Automatic;
				CURRENT_PROJECT_VERSION = 1;
				DEVELOPMENT_ASSET_PATHS = "\"Spendo1/Preview Content\"";
				DEVELOPMENT_TEAM = JB8Z9HTB6G;
				ENABLE_PREVIEWS = YES;
				GENERATE_INFOPLIST_FILE = YES;
				INFOPLIST_FILE = /Users/minhgaa/Downloads/Spendo/Spendo1/Info.plist;
				INFOPLIST_KEY_UIApplicationSceneManifest_Generation = YES;
				INFOPLIST_KEY_UIApplicationSupportsIndirectInputEvents = YES;
				INFOPLIST_KEY_UILaunchScreen_Generation = YES;
				INFOPLIST_KEY_UISupportedInterfaceOrientations_iPad = "UIInterfaceOrientationPortrait UIInterfaceOrientationPortraitUpsideDown UIInterfaceOrientationLandscapeLeft UIInterfaceOrientationLandscapeRight";
				INFOPLIST_KEY_UISupportedInterfaceOrientations_iPhone = "UIInterfaceOrientationPortrait UIInterfaceOrientationLandscapeLeft UIInterfaceOrientationLandscapeRight";
				LD_RUNPATH_SEARCH_PATHS = (
					"$(inherited)",
					"@executable_path/Frameworks",
				);
				MARKETING_VERSION = 1.0;
				PRODUCT_BUNDLE_IDENTIFIER = jh.Spendo1;
				PRODUCT_NAME = "$(TARGET_NAME)";
				SWIFT_EMIT_LOC_STRINGS = YES;
				SWIFT_VERSION = 5.0;
				TARGETED_DEVICE_FAMILY = "1,2";
			};
			name = Debug;
		};
		DA5E6CAF2D227302008B774B /* Release */ = {
			isa = XCBuildConfiguration;
			baseConfigurationReference = C95BB5BF66385EF1D405EABC /* Pods-Spendo1.release.xcconfig */;
			buildSettings = {
				ASSETCATALOG_COMPILER_APPICON_NAME = AppIcon;
				ASSETCATALOG_COMPILER_GLOBAL_ACCENT_COLOR_NAME = AccentColor;
				CODE_SIGN_STYLE = Automatic;
				CURRENT_PROJECT_VERSION = 1;
				DEVELOPMENT_ASSET_PATHS = "\"Spendo1/Preview Content\"";
				DEVELOPMENT_TEAM = JB8Z9HTB6G;
				ENABLE_PREVIEWS = YES;
				GENERATE_INFOPLIST_FILE = YES;
				INFOPLIST_FILE = /Users/minhgaa/Downloads/Spendo/Spendo1/Info.plist;
				INFOPLIST_KEY_UIApplicationSceneManifest_Generation = YES;
				INFOPLIST_KEY_UIApplicationSupportsIndirectInputEvents = YES;
				INFOPLIST_KEY_UILaunchScreen_Generation = YES;
				INFOPLIST_KEY_UISupportedInterfaceOrientations_iPad = "UIInterfaceOrientationPortrait UIInterfaceOrientationPortraitUpsideDown UIInterfaceOrientationLandscapeLeft UIInterfaceOrientationLandscapeRight";
				INFOPLIST_KEY_UISupportedInterfaceOrientations_iPhone = "UIInterfaceOrientationPortrait UIInterfaceOrientationLandscapeLeft UIInterfaceOrientationLandscapeRight";
				LD_RUNPATH_SEARCH_PATHS = (
					"$(inherited)",
					"@executable_path/Frameworks",
				);
				MARKETING_VERSION = 1.0;
				PRODUCT_BUNDLE_IDENTIFIER = jh.Spendo1;
				PRODUCT_NAME = "$(TARGET_NAME)";
				SWIFT_EMIT_LOC_STRINGS = YES;
				SWIFT_VERSION = 5.0;
				TARGETED_DEVICE_FAMILY = "1,2";
			};
			name = Release;
		};
		DA5E6CB12D227302008B774B /* Debug */ = {
			isa = XCBuildConfiguration;
			buildSettings = {
				ALWAYS_EMBED_SWIFT_STANDARD_LIBRARIES = YES;
				BUNDLE_LOADER = "$(TEST_HOST)";
				CODE_SIGN_STYLE = Automatic;
				CURRENT_PROJECT_VERSION = 1;
				DEVELOPMENT_TEAM = JB8Z9HTB6G;
				GENERATE_INFOPLIST_FILE = YES;
				IPHONEOS_DEPLOYMENT_TARGET = 17.5;
				MARKETING_VERSION = 1.0;
				PRODUCT_BUNDLE_IDENTIFIER = jh.Spendo1Tests;
				PRODUCT_NAME = "$(TARGET_NAME)";
				SWIFT_EMIT_LOC_STRINGS = NO;
				SWIFT_VERSION = 5.0;
				TARGETED_DEVICE_FAMILY = "1,2";
				TEST_HOST = "$(BUILT_PRODUCTS_DIR)/Spendo1.app/$(BUNDLE_EXECUTABLE_FOLDER_PATH)/Spendo1";
			};
			name = Debug;
		};
		DA5E6CB22D227302008B774B /* Release */ = {
			isa = XCBuildConfiguration;
			buildSettings = {
				ALWAYS_EMBED_SWIFT_STANDARD_LIBRARIES = YES;
				BUNDLE_LOADER = "$(TEST_HOST)";
				CODE_SIGN_STYLE = Automatic;
				CURRENT_PROJECT_VERSION = 1;
				DEVELOPMENT_TEAM = JB8Z9HTB6G;
				GENERATE_INFOPLIST_FILE = YES;
				IPHONEOS_DEPLOYMENT_TARGET = 17.5;
				MARKETING_VERSION = 1.0;
				PRODUCT_BUNDLE_IDENTIFIER = jh.Spendo1Tests;
				PRODUCT_NAME = "$(TARGET_NAME)";
				SWIFT_EMIT_LOC_STRINGS = NO;
				SWIFT_VERSION = 5.0;
				TARGETED_DEVICE_FAMILY = "1,2";
				TEST_HOST = "$(BUILT_PRODUCTS_DIR)/Spendo1.app/$(BUNDLE_EXECUTABLE_FOLDER_PATH)/Spendo1";
			};
			name = Release;
		};
		DA5E6CB42D227302008B774B /* Debug */ = {
			isa = XCBuildConfiguration;
			buildSettings = {
				ALWAYS_EMBED_SWIFT_STANDARD_LIBRARIES = YES;
				CODE_SIGN_STYLE = Automatic;
				CURRENT_PROJECT_VERSION = 1;
				DEVELOPMENT_TEAM = JB8Z9HTB6G;
				GENERATE_INFOPLIST_FILE = YES;
				MARKETING_VERSION = 1.0;
				PRODUCT_BUNDLE_IDENTIFIER = jh.Spendo1UITests;
				PRODUCT_NAME = "$(TARGET_NAME)";
				SWIFT_EMIT_LOC_STRINGS = NO;
				SWIFT_VERSION = 5.0;
				TARGETED_DEVICE_FAMILY = "1,2";
				TEST_TARGET_NAME = Spendo1;
			};
			name = Debug;
		};
		DA5E6CB52D227302008B774B /* Release */ = {
			isa = XCBuildConfiguration;
			buildSettings = {
				ALWAYS_EMBED_SWIFT_STANDARD_LIBRARIES = YES;
				CODE_SIGN_STYLE = Automatic;
				CURRENT_PROJECT_VERSION = 1;
				DEVELOPMENT_TEAM = JB8Z9HTB6G;
				GENERATE_INFOPLIST_FILE = YES;
				MARKETING_VERSION = 1.0;
				PRODUCT_BUNDLE_IDENTIFIER = jh.Spendo1UITests;
				PRODUCT_NAME = "$(TARGET_NAME)";
				SWIFT_EMIT_LOC_STRINGS = NO;
				SWIFT_VERSION = 5.0;
				TARGETED_DEVICE_FAMILY = "1,2";
				TEST_TARGET_NAME = Spendo1;
			};
			name = Release;
		};
/* End XCBuildConfiguration section */

/* Begin XCConfigurationList section */
		DA5E6C842D227301008B774B /* Build configuration list for PBXProject "Spendo1" */ = {
			isa = XCConfigurationList;
			buildConfigurations = (
				DA5E6CAB2D227302008B774B /* Debug */,
				DA5E6CAC2D227302008B774B /* Release */,
			);
			defaultConfigurationIsVisible = 0;
			defaultConfigurationName = Release;
		};
		DA5E6CAD2D227302008B774B /* Build configuration list for PBXNativeTarget "Spendo1" */ = {
			isa = XCConfigurationList;
			buildConfigurations = (
				DA5E6CAE2D227302008B774B /* Debug */,
				DA5E6CAF2D227302008B774B /* Release */,
			);
			defaultConfigurationIsVisible = 0;
			defaultConfigurationName = Release;
		};
		DA5E6CB02D227302008B774B /* Build configuration list for PBXNativeTarget "Spendo1Tests" */ = {
			isa = XCConfigurationList;
			buildConfigurations = (
				DA5E6CB12D227302008B774B /* Debug */,
				DA5E6CB22D227302008B774B /* Release */,
			);
			defaultConfigurationIsVisible = 0;
			defaultConfigurationName = Release;
		};
		DA5E6CB32D227302008B774B /* Build configuration list for PBXNativeTarget "Spendo1UITests" */ = {
			isa = XCConfigurationList;
			buildConfigurations = (
				DA5E6CB42D227302008B774B /* Debug */,
				DA5E6CB52D227302008B774B /* Release */,
			);
			defaultConfigurationIsVisible = 0;
			defaultConfigurationName = Release;
		};
/* End XCConfigurationList section */
	};
	rootObject = DA5E6C812D227301008B774B /* Project object */;
}
